
Microsoft Visual Studio Solution File, Format Version 12.00
# Visual Studio Version 16
VisualStudioVersion = 16.0.31005.135
MinimumVisualStudioVersion = 10.0.40219.1
Project("{FAE04EC0-301F-11D3-BF4B-00C04F79EFBC}") = "GuessMeFinally", "GuessMeFinally.csproj", "{10E17009-1682-40A2-972A-6E2EB41389C6}"
EndProject
Global
	GlobalSection(SolutionConfigurationPlatforms) = preSolution
		Debug|Any CPU = Debug|Any CPU
		Release|Any CPU = Release|Any CPU
	EndGlobalSection
	GlobalSection(ProjectConfigurationPlatforms) = postSolution
		{10E17009-1682-40A2-972A-6E2EB41389C6}.Debug|Any CPU.ActiveCfg = Debug|Any CPU
		{10E17009-1682-40A2-972A-6E2EB41389C6}.Debug|Any CPU.Build.0 = Debug|Any CPU
		{10E17009-1682-40A2-972A-6E2EB41389C6}.Release|Any CPU.ActiveCfg = Release|Any CPU
		{10E17009-1682-40A2-972A-6E2EB41389C6}.Release|Any CPU.Build.0 = Release|Any CPU
	EndGlobalSection
	GlobalSection(SolutionProperties) = preSolution
		HideSolutionNode = FALSE
	EndGlobalSection
	GlobalSection(ExtensibilityGlobals) = postSolution
		SolutionGuid = {3F092DE1-676C-4177-8EB5-D1E626DA22F4}
	EndGlobalSection
EndGlobal
