
Microsoft Visual Studio Solution File, Format Version 12.00
# Visual Studio Version 16
VisualStudioVersion = 16.0.31005.135
MinimumVisualStudioVersion = 10.0.40219.1
Project("{FAE04EC0-301F-11D3-BF4B-00C04F79EFBC}") = "StringCalculatorKata", "StringCalculatorKata\StringCalculatorKata.csproj", "{87360149-28F3-4B56-BB8D-5F185CC07850}"
EndProject
Project("{FAE04EC0-301F-11D3-BF4B-00C04F79EFBC}") = "StringCalculatorKata.Tests", "StringCalculatorKata.Tests\StringCalculatorKata.Tests.csproj", "{C537E99A-4098-4890-98A7-E9F194069FF2}"
EndProject
Global
	GlobalSection(SolutionConfigurationPlatforms) = preSolution
		Debug|Any CPU = Debug|Any CPU
		Release|Any CPU = Release|Any CPU
	EndGlobalSection
	GlobalSection(ProjectConfigurationPlatforms) = postSolution
		{87360149-28F3-4B56-BB8D-5F185CC07850}.Debug|Any CPU.ActiveCfg = Debug|Any CPU
		{87360149-28F3-4B56-BB8D-5F185CC07850}.Debug|Any CPU.Build.0 = Debug|Any CPU
		{87360149-28F3-4B56-BB8D-5F185CC07850}.Release|Any CPU.ActiveCfg = Release|Any CPU
		{87360149-28F3-4B56-BB8D-5F185CC07850}.Release|Any CPU.Build.0 = Release|Any CPU
		{C537E99A-4098-4890-98A7-E9F194069FF2}.Debug|Any CPU.ActiveCfg = Debug|Any CPU
		{C537E99A-4098-4890-98A7-E9F194069FF2}.Debug|Any CPU.Build.0 = Debug|Any CPU
		{C537E99A-4098-4890-98A7-E9F194069FF2}.Release|Any CPU.ActiveCfg = Release|Any CPU
		{C537E99A-4098-4890-98A7-E9F194069FF2}.Release|Any CPU.Build.0 = Release|Any CPU
	EndGlobalSection
	GlobalSection(SolutionProperties) = preSolution
		HideSolutionNode = FALSE
	EndGlobalSection
	GlobalSection(ExtensibilityGlobals) = postSolution
		SolutionGuid = {9C9D1B5D-943C-4817-96F8-9C836D8209D3}
	EndGlobalSection
EndGlobal
