
Microsoft Visual Studio Solution File, Format Version 12.00
# Visual Studio Version 16
VisualStudioVersion = 16.0.30907.101
MinimumVisualStudioVersion = 10.0.40219.1
Project("{FAE04EC0-301F-11D3-BF4B-00C04F79EFBC}") = "ProjectGutenberg", "ProjectGutenberg.csproj", "{7100B692-BCE5-431C-8877-6573D22B123A}"
EndProject
Global
	GlobalSection(SolutionConfigurationPlatforms) = preSolution
		Debug|Any CPU = Debug|Any CPU
		Release|Any CPU = Release|Any CPU
	EndGlobalSection
	GlobalSection(ProjectConfigurationPlatforms) = postSolution
		{7100B692-BCE5-431C-8877-6573D22B123A}.Debug|Any CPU.ActiveCfg = Debug|Any CPU
		{7100B692-BCE5-431C-8877-6573D22B123A}.Debug|Any CPU.Build.0 = Debug|Any CPU
		{7100B692-BCE5-431C-8877-6573D22B123A}.Release|Any CPU.ActiveCfg = Release|Any CPU
		{7100B692-BCE5-431C-8877-6573D22B123A}.Release|Any CPU.Build.0 = Release|Any CPU
	EndGlobalSection
	GlobalSection(SolutionProperties) = preSolution
		HideSolutionNode = FALSE
	EndGlobalSection
	GlobalSection(ExtensibilityGlobals) = postSolution
		SolutionGuid = {53F917B2-73A0-4E28-BFD3-1CC43748A24F}
	EndGlobalSection
EndGlobal
