
Microsoft Visual Studio Solution File, Format Version 12.00
# Visual Studio Version 16
VisualStudioVersion = 16.0.31129.286
MinimumVisualStudioVersion = 10.0.40219.1
Project("{FAE04EC0-301F-11D3-BF4B-00C04F79EFBC}") = "SGBank.UI", "SGBank.UI\SGBank.UI.csproj", "{29B51C8F-4BB2-4FB0-9A22-C96E76F939BE}"
EndProject
Project("{FAE04EC0-301F-11D3-BF4B-00C04F79EFBC}") = "SGBank.Models", "SGBank.Models\SGBank.Models.csproj", "{F4D9C396-BE7C-4E20-BCE5-39BF3B53B34A}"
EndProject
Project("{FAE04EC0-301F-11D3-BF4B-00C04F79EFBC}") = "SGBank.BLL", "SGBank.BLL\SGBank.BLL.csproj", "{6FA0B3A8-6DB6-4624-A1A5-C74973EEB33D}"
EndProject
Project("{FAE04EC0-301F-11D3-BF4B-00C04F79EFBC}") = "SGBank.Data", "SGBank.Data\SGBank.Data.csproj", "{D2BD2037-CFF1-460C-99D7-A1FFFDE8B3C8}"
EndProject
Project("{FAE04EC0-301F-11D3-BF4B-00C04F79EFBC}") = "SGBank.Tests", "SGBank.Tests\SGBank.Tests.csproj", "{61C16BF2-CD2F-4EB9-A0CB-251CFFFEDE79}"
EndProject
Global
	GlobalSection(SolutionConfigurationPlatforms) = preSolution
		Debug|Any CPU = Debug|Any CPU
		Release|Any CPU = Release|Any CPU
	EndGlobalSection
	GlobalSection(ProjectConfigurationPlatforms) = postSolution
		{29B51C8F-4BB2-4FB0-9A22-C96E76F939BE}.Debug|Any CPU.ActiveCfg = Debug|Any CPU
		{29B51C8F-4BB2-4FB0-9A22-C96E76F939BE}.Debug|Any CPU.Build.0 = Debug|Any CPU
		{29B51C8F-4BB2-4FB0-9A22-C96E76F939BE}.Release|Any CPU.ActiveCfg = Release|Any CPU
		{29B51C8F-4BB2-4FB0-9A22-C96E76F939BE}.Release|Any CPU.Build.0 = Release|Any CPU
		{F4D9C396-BE7C-4E20-BCE5-39BF3B53B34A}.Debug|Any CPU.ActiveCfg = Debug|Any CPU
		{F4D9C396-BE7C-4E20-BCE5-39BF3B53B34A}.Debug|Any CPU.Build.0 = Debug|Any CPU
		{F4D9C396-BE7C-4E20-BCE5-39BF3B53B34A}.Release|Any CPU.ActiveCfg = Release|Any CPU
		{F4D9C396-BE7C-4E20-BCE5-39BF3B53B34A}.Release|Any CPU.Build.0 = Release|Any CPU
		{6FA0B3A8-6DB6-4624-A1A5-C74973EEB33D}.Debug|Any CPU.ActiveCfg = Debug|Any CPU
		{6FA0B3A8-6DB6-4624-A1A5-C74973EEB33D}.Debug|Any CPU.Build.0 = Debug|Any CPU
		{6FA0B3A8-6DB6-4624-A1A5-C74973EEB33D}.Release|Any CPU.ActiveCfg = Release|Any CPU
		{6FA0B3A8-6DB6-4624-A1A5-C74973EEB33D}.Release|Any CPU.Build.0 = Release|Any CPU
		{D2BD2037-CFF1-460C-99D7-A1FFFDE8B3C8}.Debug|Any CPU.ActiveCfg = Debug|Any CPU
		{D2BD2037-CFF1-460C-99D7-A1FFFDE8B3C8}.Debug|Any CPU.Build.0 = Debug|Any CPU
		{D2BD2037-CFF1-460C-99D7-A1FFFDE8B3C8}.Release|Any CPU.ActiveCfg = Release|Any CPU
		{D2BD2037-CFF1-460C-99D7-A1FFFDE8B3C8}.Release|Any CPU.Build.0 = Release|Any CPU
		{61C16BF2-CD2F-4EB9-A0CB-251CFFFEDE79}.Debug|Any CPU.ActiveCfg = Debug|Any CPU
		{61C16BF2-CD2F-4EB9-A0CB-251CFFFEDE79}.Debug|Any CPU.Build.0 = Debug|Any CPU
		{61C16BF2-CD2F-4EB9-A0CB-251CFFFEDE79}.Release|Any CPU.ActiveCfg = Release|Any CPU
		{61C16BF2-CD2F-4EB9-A0CB-251CFFFEDE79}.Release|Any CPU.Build.0 = Release|Any CPU
	EndGlobalSection
	GlobalSection(SolutionProperties) = preSolution
		HideSolutionNode = FALSE
	EndGlobalSection
	GlobalSection(ExtensibilityGlobals) = postSolution
		SolutionGuid = {4A02616E-EAEC-4529-8A52-81189136D850}
	EndGlobalSection
EndGlobal
