
Microsoft Visual Studio Solution File, Format Version 12.00
# Visual Studio Version 16
VisualStudioVersion = 16.0.31025.194
MinimumVisualStudioVersion = 10.0.40219.1
Project("{FAE04EC0-301F-11D3-BF4B-00C04F79EFBC}") = "BreadManager", "BreadManager\BreadManager.csproj", "{DE0324F7-76F2-454F-A13E-EA08AAB2C711}"
EndProject
Project("{FAE04EC0-301F-11D3-BF4B-00C04F79EFBC}") = "BreadManager.Controller", "BreadManager.Controller\BreadManager.Controller.csproj", "{A03B338E-0B1D-42C3-933C-A0937FE21D52}"
EndProject
Project("{FAE04EC0-301F-11D3-BF4B-00C04F79EFBC}") = "BreadManager.Data", "BreadManager.Data\BreadManager.Data.csproj", "{12F94CAF-6BCC-405D-8150-79B56A0AEDBC}"
EndProject
Project("{FAE04EC0-301F-11D3-BF4B-00C04F79EFBC}") = "BreadManager.Models", "BreadManager.Models\BreadManager.Models.csproj", "{37B54E27-BF8F-410A-B3D5-F516F5FED171}"
EndProject
Project("{FAE04EC0-301F-11D3-BF4B-00C04F79EFBC}") = "BreadManager.View", "BreadManager.View\BreadManager.View.csproj", "{7DB2862D-94E5-4A3A-9E46-B3D83977792B}"
EndProject
Project("{FAE04EC0-301F-11D3-BF4B-00C04F79EFBC}") = "BreadManager.Tests", "BreadManager.Tests\BreadManager.Tests.csproj", "{C9E2D6EA-FA2E-4A88-86B9-DC85DF5420FE}"
EndProject
Global
	GlobalSection(SolutionConfigurationPlatforms) = preSolution
		Debug|Any CPU = Debug|Any CPU
		Release|Any CPU = Release|Any CPU
	EndGlobalSection
	GlobalSection(ProjectConfigurationPlatforms) = postSolution
		{DE0324F7-76F2-454F-A13E-EA08AAB2C711}.Debug|Any CPU.ActiveCfg = Debug|Any CPU
		{DE0324F7-76F2-454F-A13E-EA08AAB2C711}.Debug|Any CPU.Build.0 = Debug|Any CPU
		{DE0324F7-76F2-454F-A13E-EA08AAB2C711}.Release|Any CPU.ActiveCfg = Release|Any CPU
		{DE0324F7-76F2-454F-A13E-EA08AAB2C711}.Release|Any CPU.Build.0 = Release|Any CPU
		{A03B338E-0B1D-42C3-933C-A0937FE21D52}.Debug|Any CPU.ActiveCfg = Debug|Any CPU
		{A03B338E-0B1D-42C3-933C-A0937FE21D52}.Debug|Any CPU.Build.0 = Debug|Any CPU
		{A03B338E-0B1D-42C3-933C-A0937FE21D52}.Release|Any CPU.ActiveCfg = Release|Any CPU
		{A03B338E-0B1D-42C3-933C-A0937FE21D52}.Release|Any CPU.Build.0 = Release|Any CPU
		{12F94CAF-6BCC-405D-8150-79B56A0AEDBC}.Debug|Any CPU.ActiveCfg = Debug|Any CPU
		{12F94CAF-6BCC-405D-8150-79B56A0AEDBC}.Debug|Any CPU.Build.0 = Debug|Any CPU
		{12F94CAF-6BCC-405D-8150-79B56A0AEDBC}.Release|Any CPU.ActiveCfg = Release|Any CPU
		{12F94CAF-6BCC-405D-8150-79B56A0AEDBC}.Release|Any CPU.Build.0 = Release|Any CPU
		{37B54E27-BF8F-410A-B3D5-F516F5FED171}.Debug|Any CPU.ActiveCfg = Debug|Any CPU
		{37B54E27-BF8F-410A-B3D5-F516F5FED171}.Debug|Any CPU.Build.0 = Debug|Any CPU
		{37B54E27-BF8F-410A-B3D5-F516F5FED171}.Release|Any CPU.ActiveCfg = Release|Any CPU
		{37B54E27-BF8F-410A-B3D5-F516F5FED171}.Release|Any CPU.Build.0 = Release|Any CPU
		{7DB2862D-94E5-4A3A-9E46-B3D83977792B}.Debug|Any CPU.ActiveCfg = Debug|Any CPU
		{7DB2862D-94E5-4A3A-9E46-B3D83977792B}.Debug|Any CPU.Build.0 = Debug|Any CPU
		{7DB2862D-94E5-4A3A-9E46-B3D83977792B}.Release|Any CPU.ActiveCfg = Release|Any CPU
		{7DB2862D-94E5-4A3A-9E46-B3D83977792B}.Release|Any CPU.Build.0 = Release|Any CPU
		{C9E2D6EA-FA2E-4A88-86B9-DC85DF5420FE}.Debug|Any CPU.ActiveCfg = Debug|Any CPU
		{C9E2D6EA-FA2E-4A88-86B9-DC85DF5420FE}.Debug|Any CPU.Build.0 = Debug|Any CPU
		{C9E2D6EA-FA2E-4A88-86B9-DC85DF5420FE}.Release|Any CPU.ActiveCfg = Release|Any CPU
		{C9E2D6EA-FA2E-4A88-86B9-DC85DF5420FE}.Release|Any CPU.Build.0 = Release|Any CPU
	EndGlobalSection
	GlobalSection(SolutionProperties) = preSolution
		HideSolutionNode = FALSE
	EndGlobalSection
	GlobalSection(ExtensibilityGlobals) = postSolution
		SolutionGuid = {A1C9E6CC-A866-4DD2-9148-6D7263CCD265}
	EndGlobalSection
EndGlobal
