
Microsoft Visual Studio Solution File, Format Version 12.00
# Visual Studio Version 16
VisualStudioVersion = 16.0.31005.135
MinimumVisualStudioVersion = 10.0.40219.1
Project("{FAE04EC0-301F-11D3-BF4B-00C04F79EFBC}") = "FieldDay", "FieldDay.csproj", "{AF2BC532-EB3D-4BC9-895E-7A0FFE8BBEC3}"
EndProject
Global
	GlobalSection(SolutionConfigurationPlatforms) = preSolution
		Debug|Any CPU = Debug|Any CPU
		Release|Any CPU = Release|Any CPU
	EndGlobalSection
	GlobalSection(ProjectConfigurationPlatforms) = postSolution
		{AF2BC532-EB3D-4BC9-895E-7A0FFE8BBEC3}.Debug|Any CPU.ActiveCfg = Debug|Any CPU
		{AF2BC532-EB3D-4BC9-895E-7A0FFE8BBEC3}.Debug|Any CPU.Build.0 = Debug|Any CPU
		{AF2BC532-EB3D-4BC9-895E-7A0FFE8BBEC3}.Release|Any CPU.ActiveCfg = Release|Any CPU
		{AF2BC532-EB3D-4BC9-895E-7A0FFE8BBEC3}.Release|Any CPU.Build.0 = Release|Any CPU
	EndGlobalSection
	GlobalSection(SolutionProperties) = preSolution
		HideSolutionNode = FALSE
	EndGlobalSection
	GlobalSection(ExtensibilityGlobals) = postSolution
		SolutionGuid = {823DCC0D-4984-4435-9355-ED60067F2873}
	EndGlobalSection
EndGlobal
