
Microsoft Visual Studio Solution File, Format Version 12.00
# Visual Studio Version 16
VisualStudioVersion = 16.0.31005.135
MinimumVisualStudioVersion = 10.0.40219.1
Project("{FAE04EC0-301F-11D3-BF4B-00C04F79EFBC}") = "ForTimes", "ForTimes.csproj", "{A04B43EB-B0EE-46B3-9951-931D06596495}"
EndProject
Global
	GlobalSection(SolutionConfigurationPlatforms) = preSolution
		Debug|Any CPU = Debug|Any CPU
		Release|Any CPU = Release|Any CPU
	EndGlobalSection
	GlobalSection(ProjectConfigurationPlatforms) = postSolution
		{A04B43EB-B0EE-46B3-9951-931D06596495}.Debug|Any CPU.ActiveCfg = Debug|Any CPU
		{A04B43EB-B0EE-46B3-9951-931D06596495}.Debug|Any CPU.Build.0 = Debug|Any CPU
		{A04B43EB-B0EE-46B3-9951-931D06596495}.Release|Any CPU.ActiveCfg = Release|Any CPU
		{A04B43EB-B0EE-46B3-9951-931D06596495}.Release|Any CPU.Build.0 = Release|Any CPU
	EndGlobalSection
	GlobalSection(SolutionProperties) = preSolution
		HideSolutionNode = FALSE
	EndGlobalSection
	GlobalSection(ExtensibilityGlobals) = postSolution
		SolutionGuid = {8E49EF3B-C715-437F-B13D-3E5452F3DA2A}
	EndGlobalSection
EndGlobal
