
Microsoft Visual Studio Solution File, Format Version 12.00
# Visual Studio Version 16
VisualStudioVersion = 16.0.31005.135
MinimumVisualStudioVersion = 10.0.40219.1
Project("{FAE04EC0-301F-11D3-BF4B-00C04F79EFBC}") = "RPG.Inventory.Tests", "RPG.Inventory.Tests\RPG.Inventory.Tests.csproj", "{01E6F71D-90F5-46F4-A451-1A565A2D7B2A}"
EndProject
Project("{FAE04EC0-301F-11D3-BF4B-00C04F79EFBC}") = "RPG.Inventory", "RPG.Inventory\RPG.Inventory.csproj", "{69D9139C-03A2-4781-95C2-66F9093B4945}"
EndProject
Global
	GlobalSection(SolutionConfigurationPlatforms) = preSolution
		Debug|Any CPU = Debug|Any CPU
		Release|Any CPU = Release|Any CPU
	EndGlobalSection
	GlobalSection(ProjectConfigurationPlatforms) = postSolution
		{01E6F71D-90F5-46F4-A451-1A565A2D7B2A}.Debug|Any CPU.ActiveCfg = Debug|Any CPU
		{01E6F71D-90F5-46F4-A451-1A565A2D7B2A}.Debug|Any CPU.Build.0 = Debug|Any CPU
		{01E6F71D-90F5-46F4-A451-1A565A2D7B2A}.Release|Any CPU.ActiveCfg = Release|Any CPU
		{01E6F71D-90F5-46F4-A451-1A565A2D7B2A}.Release|Any CPU.Build.0 = Release|Any CPU
		{69D9139C-03A2-4781-95C2-66F9093B4945}.Debug|Any CPU.ActiveCfg = Debug|Any CPU
		{69D9139C-03A2-4781-95C2-66F9093B4945}.Debug|Any CPU.Build.0 = Debug|Any CPU
		{69D9139C-03A2-4781-95C2-66F9093B4945}.Release|Any CPU.ActiveCfg = Release|Any CPU
		{69D9139C-03A2-4781-95C2-66F9093B4945}.Release|Any CPU.Build.0 = Release|Any CPU
	EndGlobalSection
	GlobalSection(SolutionProperties) = preSolution
		HideSolutionNode = FALSE
	EndGlobalSection
	GlobalSection(ExtensibilityGlobals) = postSolution
		SolutionGuid = {904BC9F3-141E-4E5F-B7A2-024BE9044FE4}
	EndGlobalSection
EndGlobal
