
Microsoft Visual Studio Solution File, Format Version 12.00
# Visual Studio Version 16
VisualStudioVersion = 16.0.31005.135
MinimumVisualStudioVersion = 10.0.40219.1
Project("{FAE04EC0-301F-11D3-BF4B-00C04F79EFBC}") = "HiddenNuts", "HiddenNuts.csproj", "{821AB17A-EEBF-43B2-9088-B0B15FB405FA}"
EndProject
Global
	GlobalSection(SolutionConfigurationPlatforms) = preSolution
		Debug|Any CPU = Debug|Any CPU
		Release|Any CPU = Release|Any CPU
	EndGlobalSection
	GlobalSection(ProjectConfigurationPlatforms) = postSolution
		{821AB17A-EEBF-43B2-9088-B0B15FB405FA}.Debug|Any CPU.ActiveCfg = Debug|Any CPU
		{821AB17A-EEBF-43B2-9088-B0B15FB405FA}.Debug|Any CPU.Build.0 = Debug|Any CPU
		{821AB17A-EEBF-43B2-9088-B0B15FB405FA}.Release|Any CPU.ActiveCfg = Release|Any CPU
		{821AB17A-EEBF-43B2-9088-B0B15FB405FA}.Release|Any CPU.Build.0 = Release|Any CPU
	EndGlobalSection
	GlobalSection(SolutionProperties) = preSolution
		HideSolutionNode = FALSE
	EndGlobalSection
	GlobalSection(ExtensibilityGlobals) = postSolution
		SolutionGuid = {2E3029C1-4FD5-4B53-9CEC-EB4F6115BA2D}
	EndGlobalSection
EndGlobal
