
Microsoft Visual Studio Solution File, Format Version 12.00
# Visual Studio Version 16
VisualStudioVersion = 16.0.31005.135
MinimumVisualStudioVersion = 10.0.40219.1
Project("{FAE04EC0-301F-11D3-BF4B-00C04F79EFBC}") = "GuessMe", "GuessMe.csproj", "{47AE79BB-4B40-44DB-9739-E4A02FF0312C}"
EndProject
Global
	GlobalSection(SolutionConfigurationPlatforms) = preSolution
		Debug|Any CPU = Debug|Any CPU
		Release|Any CPU = Release|Any CPU
	EndGlobalSection
	GlobalSection(ProjectConfigurationPlatforms) = postSolution
		{47AE79BB-4B40-44DB-9739-E4A02FF0312C}.Debug|Any CPU.ActiveCfg = Debug|Any CPU
		{47AE79BB-4B40-44DB-9739-E4A02FF0312C}.Debug|Any CPU.Build.0 = Debug|Any CPU
		{47AE79BB-4B40-44DB-9739-E4A02FF0312C}.Release|Any CPU.ActiveCfg = Release|Any CPU
		{47AE79BB-4B40-44DB-9739-E4A02FF0312C}.Release|Any CPU.Build.0 = Release|Any CPU
	EndGlobalSection
	GlobalSection(SolutionProperties) = preSolution
		HideSolutionNode = FALSE
	EndGlobalSection
	GlobalSection(ExtensibilityGlobals) = postSolution
		SolutionGuid = {62EED348-1224-4081-AC6E-EBEA87548C81}
	EndGlobalSection
EndGlobal
