
Microsoft Visual Studio Solution File, Format Version 12.00
# Visual Studio Version 16
VisualStudioVersion = 16.0.31005.135
MinimumVisualStudioVersion = 10.0.40219.1
Project("{FAE04EC0-301F-11D3-BF4B-00C04F79EFBC}") = "BestAdderEver", "BestAdderEver.csproj", "{3749DAEA-1907-4660-9FE5-76F14A14983A}"
EndProject
Global
	GlobalSection(SolutionConfigurationPlatforms) = preSolution
		Debug|Any CPU = Debug|Any CPU
		Release|Any CPU = Release|Any CPU
	EndGlobalSection
	GlobalSection(ProjectConfigurationPlatforms) = postSolution
		{3749DAEA-1907-4660-9FE5-76F14A14983A}.Debug|Any CPU.ActiveCfg = Debug|Any CPU
		{3749DAEA-1907-4660-9FE5-76F14A14983A}.Debug|Any CPU.Build.0 = Debug|Any CPU
		{3749DAEA-1907-4660-9FE5-76F14A14983A}.Release|Any CPU.ActiveCfg = Release|Any CPU
		{3749DAEA-1907-4660-9FE5-76F14A14983A}.Release|Any CPU.Build.0 = Release|Any CPU
	EndGlobalSection
	GlobalSection(SolutionProperties) = preSolution
		HideSolutionNode = FALSE
	EndGlobalSection
	GlobalSection(ExtensibilityGlobals) = postSolution
		SolutionGuid = {81E2A489-8FDE-4801-97D7-CA1F4258A9A5}
	EndGlobalSection
EndGlobal
