
Microsoft Visual Studio Solution File, Format Version 12.00
# Visual Studio Version 16
VisualStudioVersion = 16.0.31005.135
MinimumVisualStudioVersion = 10.0.40219.1
Project("{FAE04EC0-301F-11D3-BF4B-00C04F79EFBC}") = "ForByFor", "ForByFor.csproj", "{D8E66FE2-412A-4231-8C2B-3CA0503DE704}"
EndProject
Global
	GlobalSection(SolutionConfigurationPlatforms) = preSolution
		Debug|Any CPU = Debug|Any CPU
		Release|Any CPU = Release|Any CPU
	EndGlobalSection
	GlobalSection(ProjectConfigurationPlatforms) = postSolution
		{D8E66FE2-412A-4231-8C2B-3CA0503DE704}.Debug|Any CPU.ActiveCfg = Debug|Any CPU
		{D8E66FE2-412A-4231-8C2B-3CA0503DE704}.Debug|Any CPU.Build.0 = Debug|Any CPU
		{D8E66FE2-412A-4231-8C2B-3CA0503DE704}.Release|Any CPU.ActiveCfg = Release|Any CPU
		{D8E66FE2-412A-4231-8C2B-3CA0503DE704}.Release|Any CPU.Build.0 = Release|Any CPU
	EndGlobalSection
	GlobalSection(SolutionProperties) = preSolution
		HideSolutionNode = FALSE
	EndGlobalSection
	GlobalSection(ExtensibilityGlobals) = postSolution
		SolutionGuid = {14EA8B98-7E91-4955-8B5C-2AD9736F438C}
	EndGlobalSection
EndGlobal
