
Microsoft Visual Studio Solution File, Format Version 12.00
# Visual Studio Version 16
VisualStudioVersion = 16.0.31005.135
MinimumVisualStudioVersion = 10.0.40219.1
Project("{FAE04EC0-301F-11D3-BF4B-00C04F79EFBC}") = "LuckySevens", "LuckySevens.csproj", "{3AB08005-ABB9-42F5-9ECE-155AC23D5FBC}"
EndProject
Global
	GlobalSection(SolutionConfigurationPlatforms) = preSolution
		Debug|Any CPU = Debug|Any CPU
		Release|Any CPU = Release|Any CPU
	EndGlobalSection
	GlobalSection(ProjectConfigurationPlatforms) = postSolution
		{3AB08005-ABB9-42F5-9ECE-155AC23D5FBC}.Debug|Any CPU.ActiveCfg = Debug|Any CPU
		{3AB08005-ABB9-42F5-9ECE-155AC23D5FBC}.Debug|Any CPU.Build.0 = Debug|Any CPU
		{3AB08005-ABB9-42F5-9ECE-155AC23D5FBC}.Release|Any CPU.ActiveCfg = Release|Any CPU
		{3AB08005-ABB9-42F5-9ECE-155AC23D5FBC}.Release|Any CPU.Build.0 = Release|Any CPU
	EndGlobalSection
	GlobalSection(SolutionProperties) = preSolution
		HideSolutionNode = FALSE
	EndGlobalSection
	GlobalSection(ExtensibilityGlobals) = postSolution
		SolutionGuid = {37FACF2B-281B-4532-B0F8-BBED032424FC}
	EndGlobalSection
EndGlobal
