
Microsoft Visual Studio Solution File, Format Version 12.00
# Visual Studio Version 16
VisualStudioVersion = 16.0.31005.135
MinimumVisualStudioVersion = 10.0.40219.1
Project("{FAE04EC0-301F-11D3-BF4B-00C04F79EFBC}") = "Opinionator", "Opinionator.csproj", "{2267A895-110A-4E42-B67B-F321443D9AA6}"
EndProject
Global
	GlobalSection(SolutionConfigurationPlatforms) = preSolution
		Debug|Any CPU = Debug|Any CPU
		Release|Any CPU = Release|Any CPU
	EndGlobalSection
	GlobalSection(ProjectConfigurationPlatforms) = postSolution
		{2267A895-110A-4E42-B67B-F321443D9AA6}.Debug|Any CPU.ActiveCfg = Debug|Any CPU
		{2267A895-110A-4E42-B67B-F321443D9AA6}.Debug|Any CPU.Build.0 = Debug|Any CPU
		{2267A895-110A-4E42-B67B-F321443D9AA6}.Release|Any CPU.ActiveCfg = Release|Any CPU
		{2267A895-110A-4E42-B67B-F321443D9AA6}.Release|Any CPU.Build.0 = Release|Any CPU
	EndGlobalSection
	GlobalSection(SolutionProperties) = preSolution
		HideSolutionNode = FALSE
	EndGlobalSection
	GlobalSection(ExtensibilityGlobals) = postSolution
		SolutionGuid = {0E4E425F-4BE0-4E69-9FC5-4F8A5C26BF42}
	EndGlobalSection
EndGlobal
