
Microsoft Visual Studio Solution File, Format Version 12.00
# Visual Studio Version 16
VisualStudioVersion = 16.0.31005.135
MinimumVisualStudioVersion = 10.0.40219.1
Project("{FAE04EC0-301F-11D3-BF4B-00C04F79EFBC}") = "YourLifeInMovies", "YourLifeInMovies.csproj", "{97302121-AA90-4143-A6CE-B2D707505BC6}"
EndProject
Global
	GlobalSection(SolutionConfigurationPlatforms) = preSolution
		Debug|Any CPU = Debug|Any CPU
		Release|Any CPU = Release|Any CPU
	EndGlobalSection
	GlobalSection(ProjectConfigurationPlatforms) = postSolution
		{97302121-AA90-4143-A6CE-B2D707505BC6}.Debug|Any CPU.ActiveCfg = Debug|Any CPU
		{97302121-AA90-4143-A6CE-B2D707505BC6}.Debug|Any CPU.Build.0 = Debug|Any CPU
		{97302121-AA90-4143-A6CE-B2D707505BC6}.Release|Any CPU.ActiveCfg = Release|Any CPU
		{97302121-AA90-4143-A6CE-B2D707505BC6}.Release|Any CPU.Build.0 = Release|Any CPU
	EndGlobalSection
	GlobalSection(SolutionProperties) = preSolution
		HideSolutionNode = FALSE
	EndGlobalSection
	GlobalSection(ExtensibilityGlobals) = postSolution
		SolutionGuid = {3B9D04FC-2DA9-41CF-960D-9528E4676DFC}
	EndGlobalSection
EndGlobal
