
Microsoft Visual Studio Solution File, Format Version 12.00
# Visual Studio Version 16
VisualStudioVersion = 16.0.31005.135
MinimumVisualStudioVersion = 10.0.40219.1
Project("{FAE04EC0-301F-11D3-BF4B-00C04F79EFBC}") = "PassingTheTuringTest", "PassingTheTuringTest.csproj", "{0F86B57E-DDE7-47B3-99C4-1CA2CC4F2F9D}"
EndProject
Global
	GlobalSection(SolutionConfigurationPlatforms) = preSolution
		Debug|Any CPU = Debug|Any CPU
		Release|Any CPU = Release|Any CPU
	EndGlobalSection
	GlobalSection(ProjectConfigurationPlatforms) = postSolution
		{0F86B57E-DDE7-47B3-99C4-1CA2CC4F2F9D}.Debug|Any CPU.ActiveCfg = Debug|Any CPU
		{0F86B57E-DDE7-47B3-99C4-1CA2CC4F2F9D}.Debug|Any CPU.Build.0 = Debug|Any CPU
		{0F86B57E-DDE7-47B3-99C4-1CA2CC4F2F9D}.Release|Any CPU.ActiveCfg = Release|Any CPU
		{0F86B57E-DDE7-47B3-99C4-1CA2CC4F2F9D}.Release|Any CPU.Build.0 = Release|Any CPU
	EndGlobalSection
	GlobalSection(SolutionProperties) = preSolution
		HideSolutionNode = FALSE
	EndGlobalSection
	GlobalSection(ExtensibilityGlobals) = postSolution
		SolutionGuid = {2A6364FD-0865-4D0F-81FE-6C9515BA3816}
	EndGlobalSection
EndGlobal
