
Microsoft Visual Studio Solution File, Format Version 12.00
# Visual Studio Version 16
VisualStudioVersion = 16.0.31005.135
MinimumVisualStudioVersion = 10.0.40219.1
Project("{FAE04EC0-301F-11D3-BF4B-00C04F79EFBC}") = "MaybeItLovesMe", "MaybeItLovesMe.csproj", "{95FF1885-31C4-4307-A9B0-74A23F1E833F}"
EndProject
Global
	GlobalSection(SolutionConfigurationPlatforms) = preSolution
		Debug|Any CPU = Debug|Any CPU
		Release|Any CPU = Release|Any CPU
	EndGlobalSection
	GlobalSection(ProjectConfigurationPlatforms) = postSolution
		{95FF1885-31C4-4307-A9B0-74A23F1E833F}.Debug|Any CPU.ActiveCfg = Debug|Any CPU
		{95FF1885-31C4-4307-A9B0-74A23F1E833F}.Debug|Any CPU.Build.0 = Debug|Any CPU
		{95FF1885-31C4-4307-A9B0-74A23F1E833F}.Release|Any CPU.ActiveCfg = Release|Any CPU
		{95FF1885-31C4-4307-A9B0-74A23F1E833F}.Release|Any CPU.Build.0 = Release|Any CPU
	EndGlobalSection
	GlobalSection(SolutionProperties) = preSolution
		HideSolutionNode = FALSE
	EndGlobalSection
	GlobalSection(ExtensibilityGlobals) = postSolution
		SolutionGuid = {04109405-0DFE-4677-BAC3-9A56A7616ABA}
	EndGlobalSection
EndGlobal
