
Microsoft Visual Studio Solution File, Format Version 12.00
# Visual Studio Version 16
VisualStudioVersion = 16.0.31005.135
MinimumVisualStudioVersion = 10.0.40219.1
Project("{FAE04EC0-301F-11D3-BF4B-00C04F79EFBC}") = "FortuneCookie", "FortuneCookie.csproj", "{62F0B71B-B559-4976-BF6C-CEFFF389961B}"
EndProject
Global
	GlobalSection(SolutionConfigurationPlatforms) = preSolution
		Debug|Any CPU = Debug|Any CPU
		Release|Any CPU = Release|Any CPU
	EndGlobalSection
	GlobalSection(ProjectConfigurationPlatforms) = postSolution
		{62F0B71B-B559-4976-BF6C-CEFFF389961B}.Debug|Any CPU.ActiveCfg = Debug|Any CPU
		{62F0B71B-B559-4976-BF6C-CEFFF389961B}.Debug|Any CPU.Build.0 = Debug|Any CPU
		{62F0B71B-B559-4976-BF6C-CEFFF389961B}.Release|Any CPU.ActiveCfg = Release|Any CPU
		{62F0B71B-B559-4976-BF6C-CEFFF389961B}.Release|Any CPU.Build.0 = Release|Any CPU
	EndGlobalSection
	GlobalSection(SolutionProperties) = preSolution
		HideSolutionNode = FALSE
	EndGlobalSection
	GlobalSection(ExtensibilityGlobals) = postSolution
		SolutionGuid = {733E0A0C-7917-4478-8887-97324D57C926}
	EndGlobalSection
EndGlobal
