
Microsoft Visual Studio Solution File, Format Version 12.00
# Visual Studio Version 16
VisualStudioVersion = 16.0.31005.135
MinimumVisualStudioVersion = 10.0.40219.1
Project("{9A19103F-16F7-4668-BE54-9A1E7A4F7556}") = "LlamaWhalesAndDodosOhMy", "LlamaWhalesAndDodosOhMy.csproj", "{79F86F64-B2FF-4ECE-B2BF-7CD6D7640274}"
EndProject
Global
	GlobalSection(SolutionConfigurationPlatforms) = preSolution
		Debug|Any CPU = Debug|Any CPU
		Release|Any CPU = Release|Any CPU
	EndGlobalSection
	GlobalSection(ProjectConfigurationPlatforms) = postSolution
		{79F86F64-B2FF-4ECE-B2BF-7CD6D7640274}.Debug|Any CPU.ActiveCfg = Debug|Any CPU
		{79F86F64-B2FF-4ECE-B2BF-7CD6D7640274}.Debug|Any CPU.Build.0 = Debug|Any CPU
		{79F86F64-B2FF-4ECE-B2BF-7CD6D7640274}.Release|Any CPU.ActiveCfg = Release|Any CPU
		{79F86F64-B2FF-4ECE-B2BF-7CD6D7640274}.Release|Any CPU.Build.0 = Release|Any CPU
	EndGlobalSection
	GlobalSection(SolutionProperties) = preSolution
		HideSolutionNode = FALSE
	EndGlobalSection
	GlobalSection(ExtensibilityGlobals) = postSolution
		SolutionGuid = {0F286788-7A53-4D63-AD50-97A0403AB943}
	EndGlobalSection
EndGlobal
