
Microsoft Visual Studio Solution File, Format Version 12.00
# Visual Studio Version 16
VisualStudioVersion = 16.0.31205.134
MinimumVisualStudioVersion = 10.0.40219.1
Project("{FAE04EC0-301F-11D3-BF4B-00C04F79EFBC}") = "DvdLibraryWebApi.Data", "DvdLibraryWebApi.Data\DvdLibraryWebApi.Data.csproj", "{78CFFE41-8EBB-4041-A047-5B94353C16C3}"
EndProject
Project("{FAE04EC0-301F-11D3-BF4B-00C04F79EFBC}") = "DvdLibraryWebApi.UI", "DvdLibraryWebApi.UI\DvdLibraryWebApi.UI.csproj", "{A99E832F-A78E-4DEC-B1D1-51A813131FD4}"
EndProject
Project("{FAE04EC0-301F-11D3-BF4B-00C04F79EFBC}") = "DvdLibraryWebApi.Models", "DvdLibraryWebApi.Models\DvdLibraryWebApi.Models.csproj", "{A1B9C3E1-5309-49C4-B637-B98589F22DC4}"
EndProject
Project("{FAE04EC0-301F-11D3-BF4B-00C04F79EFBC}") = "DvdLibraryWebApi.Tests", "DvdLibraryWebApi.Tests\DvdLibraryWebApi.Tests.csproj", "{A40BBB0B-5C3B-499F-9F46-BEF4BD04EF37}"
EndProject
Global
	GlobalSection(SolutionConfigurationPlatforms) = preSolution
		Debug|Any CPU = Debug|Any CPU
		Release|Any CPU = Release|Any CPU
	EndGlobalSection
	GlobalSection(ProjectConfigurationPlatforms) = postSolution
		{78CFFE41-8EBB-4041-A047-5B94353C16C3}.Debug|Any CPU.ActiveCfg = Debug|Any CPU
		{78CFFE41-8EBB-4041-A047-5B94353C16C3}.Debug|Any CPU.Build.0 = Debug|Any CPU
		{78CFFE41-8EBB-4041-A047-5B94353C16C3}.Release|Any CPU.ActiveCfg = Release|Any CPU
		{78CFFE41-8EBB-4041-A047-5B94353C16C3}.Release|Any CPU.Build.0 = Release|Any CPU
		{A99E832F-A78E-4DEC-B1D1-51A813131FD4}.Debug|Any CPU.ActiveCfg = Debug|Any CPU
		{A99E832F-A78E-4DEC-B1D1-51A813131FD4}.Debug|Any CPU.Build.0 = Debug|Any CPU
		{A99E832F-A78E-4DEC-B1D1-51A813131FD4}.Release|Any CPU.ActiveCfg = Release|Any CPU
		{A99E832F-A78E-4DEC-B1D1-51A813131FD4}.Release|Any CPU.Build.0 = Release|Any CPU
		{A1B9C3E1-5309-49C4-B637-B98589F22DC4}.Debug|Any CPU.ActiveCfg = Debug|Any CPU
		{A1B9C3E1-5309-49C4-B637-B98589F22DC4}.Debug|Any CPU.Build.0 = Debug|Any CPU
		{A1B9C3E1-5309-49C4-B637-B98589F22DC4}.Release|Any CPU.ActiveCfg = Release|Any CPU
		{A1B9C3E1-5309-49C4-B637-B98589F22DC4}.Release|Any CPU.Build.0 = Release|Any CPU
		{A40BBB0B-5C3B-499F-9F46-BEF4BD04EF37}.Debug|Any CPU.ActiveCfg = Debug|Any CPU
		{A40BBB0B-5C3B-499F-9F46-BEF4BD04EF37}.Debug|Any CPU.Build.0 = Debug|Any CPU
		{A40BBB0B-5C3B-499F-9F46-BEF4BD04EF37}.Release|Any CPU.ActiveCfg = Release|Any CPU
		{A40BBB0B-5C3B-499F-9F46-BEF4BD04EF37}.Release|Any CPU.Build.0 = Release|Any CPU
	EndGlobalSection
	GlobalSection(SolutionProperties) = preSolution
		HideSolutionNode = FALSE
	EndGlobalSection
	GlobalSection(ExtensibilityGlobals) = postSolution
		SolutionGuid = {0B858CA6-C77A-4315-B3D8-53BA502DADA2}
	EndGlobalSection
EndGlobal
