
Microsoft Visual Studio Solution File, Format Version 12.00
# Visual Studio Version 16
VisualStudioVersion = 16.0.31005.135
MinimumVisualStudioVersion = 10.0.40219.1
Project("{FAE04EC0-301F-11D3-BF4B-00C04F79EFBC}") = "StillPositive", "StillPositive.csproj", "{B1EBA299-DD11-4D81-BE88-A76155DFE043}"
EndProject
Global
	GlobalSection(SolutionConfigurationPlatforms) = preSolution
		Debug|Any CPU = Debug|Any CPU
		Release|Any CPU = Release|Any CPU
	EndGlobalSection
	GlobalSection(ProjectConfigurationPlatforms) = postSolution
		{B1EBA299-DD11-4D81-BE88-A76155DFE043}.Debug|Any CPU.ActiveCfg = Debug|Any CPU
		{B1EBA299-DD11-4D81-BE88-A76155DFE043}.Debug|Any CPU.Build.0 = Debug|Any CPU
		{B1EBA299-DD11-4D81-BE88-A76155DFE043}.Release|Any CPU.ActiveCfg = Release|Any CPU
		{B1EBA299-DD11-4D81-BE88-A76155DFE043}.Release|Any CPU.Build.0 = Release|Any CPU
	EndGlobalSection
	GlobalSection(SolutionProperties) = preSolution
		HideSolutionNode = FALSE
	EndGlobalSection
	GlobalSection(ExtensibilityGlobals) = postSolution
		SolutionGuid = {17B6C2BD-DDAE-41DA-8E00-5C58D1F1F235}
	EndGlobalSection
EndGlobal
