
Microsoft Visual Studio Solution File, Format Version 12.00
# Visual Studio Version 16
VisualStudioVersion = 16.0.31005.135
MinimumVisualStudioVersion = 10.0.40219.1
Project("{FAE04EC0-301F-11D3-BF4B-00C04F79EFBC}") = "TraditionalFizzBuzz", "TraditionalFizzBuzz.csproj", "{39F078A9-869E-42F4-80FA-E57C3F501503}"
EndProject
Global
	GlobalSection(SolutionConfigurationPlatforms) = preSolution
		Debug|Any CPU = Debug|Any CPU
		Release|Any CPU = Release|Any CPU
	EndGlobalSection
	GlobalSection(ProjectConfigurationPlatforms) = postSolution
		{39F078A9-869E-42F4-80FA-E57C3F501503}.Debug|Any CPU.ActiveCfg = Debug|Any CPU
		{39F078A9-869E-42F4-80FA-E57C3F501503}.Debug|Any CPU.Build.0 = Debug|Any CPU
		{39F078A9-869E-42F4-80FA-E57C3F501503}.Release|Any CPU.ActiveCfg = Release|Any CPU
		{39F078A9-869E-42F4-80FA-E57C3F501503}.Release|Any CPU.Build.0 = Release|Any CPU
	EndGlobalSection
	GlobalSection(SolutionProperties) = preSolution
		HideSolutionNode = FALSE
	EndGlobalSection
	GlobalSection(ExtensibilityGlobals) = postSolution
		SolutionGuid = {4F9D7421-5A36-4A01-9CBC-7AE9A16A8EE3}
	EndGlobalSection
EndGlobal
