
Microsoft Visual Studio Solution File, Format Version 12.00
# Visual Studio Version 16
VisualStudioVersion = 16.0.31112.23
MinimumVisualStudioVersion = 10.0.40219.1
Project("{FAE04EC0-301F-11D3-BF4B-00C04F79EFBC}") = "StudentManager", "StudentManager\StudentManager.csproj", "{AE07FE5F-56BD-4B15-BE80-4D453FB04573}"
EndProject
Project("{FAE04EC0-301F-11D3-BF4B-00C04F79EFBC}") = "StudentManager.Tests", "StudentManager.Tests\StudentManager.Tests.csproj", "{DA1A81C1-23B1-4C75-9B0D-38C78140D2F2}"
EndProject
Global
	GlobalSection(SolutionConfigurationPlatforms) = preSolution
		Debug|Any CPU = Debug|Any CPU
		Release|Any CPU = Release|Any CPU
	EndGlobalSection
	GlobalSection(ProjectConfigurationPlatforms) = postSolution
		{AE07FE5F-56BD-4B15-BE80-4D453FB04573}.Debug|Any CPU.ActiveCfg = Debug|Any CPU
		{AE07FE5F-56BD-4B15-BE80-4D453FB04573}.Debug|Any CPU.Build.0 = Debug|Any CPU
		{AE07FE5F-56BD-4B15-BE80-4D453FB04573}.Release|Any CPU.ActiveCfg = Release|Any CPU
		{AE07FE5F-56BD-4B15-BE80-4D453FB04573}.Release|Any CPU.Build.0 = Release|Any CPU
		{DA1A81C1-23B1-4C75-9B0D-38C78140D2F2}.Debug|Any CPU.ActiveCfg = Debug|Any CPU
		{DA1A81C1-23B1-4C75-9B0D-38C78140D2F2}.Debug|Any CPU.Build.0 = Debug|Any CPU
		{DA1A81C1-23B1-4C75-9B0D-38C78140D2F2}.Release|Any CPU.ActiveCfg = Release|Any CPU
		{DA1A81C1-23B1-4C75-9B0D-38C78140D2F2}.Release|Any CPU.Build.0 = Release|Any CPU
	EndGlobalSection
	GlobalSection(SolutionProperties) = preSolution
		HideSolutionNode = FALSE
	EndGlobalSection
	GlobalSection(ExtensibilityGlobals) = postSolution
		SolutionGuid = {F7501624-5F9D-4131-9F0D-7CDE84BB21B3}
	EndGlobalSection
EndGlobal
