
Microsoft Visual Studio Solution File, Format Version 12.00
# Visual Studio 15
VisualStudioVersion = 15.0.26430.14
MinimumVisualStudioVersion = 10.0.40219.1
Project("{FAE04EC0-301F-11D3-BF4B-00C04F79EFBC}") = "SWG-Warmups.BLL", "SWG-Warmups.BLL\SWG-Warmups.BLL.csproj", "{26387E38-BAA1-461F-BE0D-ABC7B1FDE095}"
EndProject
Project("{FAE04EC0-301F-11D3-BF4B-00C04F79EFBC}") = "SWG-Warmups.Tests", "SWG-Warmups.Tests\SWG-Warmups.Tests.csproj", "{66E8B421-457B-434F-BDBC-1DE44B842E16}"
EndProject
Global
	GlobalSection(SolutionConfigurationPlatforms) = preSolution
		Debug|Any CPU = Debug|Any CPU
		Release|Any CPU = Release|Any CPU
	EndGlobalSection
	GlobalSection(ProjectConfigurationPlatforms) = postSolution
		{26387E38-BAA1-461F-BE0D-ABC7B1FDE095}.Debug|Any CPU.ActiveCfg = Debug|Any CPU
		{26387E38-BAA1-461F-BE0D-ABC7B1FDE095}.Debug|Any CPU.Build.0 = Debug|Any CPU
		{26387E38-BAA1-461F-BE0D-ABC7B1FDE095}.Release|Any CPU.ActiveCfg = Release|Any CPU
		{26387E38-BAA1-461F-BE0D-ABC7B1FDE095}.Release|Any CPU.Build.0 = Release|Any CPU
		{66E8B421-457B-434F-BDBC-1DE44B842E16}.Debug|Any CPU.ActiveCfg = Debug|Any CPU
		{66E8B421-457B-434F-BDBC-1DE44B842E16}.Debug|Any CPU.Build.0 = Debug|Any CPU
		{66E8B421-457B-434F-BDBC-1DE44B842E16}.Release|Any CPU.ActiveCfg = Release|Any CPU
		{66E8B421-457B-434F-BDBC-1DE44B842E16}.Release|Any CPU.Build.0 = Release|Any CPU
	EndGlobalSection
	GlobalSection(SolutionProperties) = preSolution
		HideSolutionNode = FALSE
	EndGlobalSection
EndGlobal
