
Microsoft Visual Studio Solution File, Format Version 12.00
# Visual Studio Version 16
VisualStudioVersion = 16.0.31005.135
MinimumVisualStudioVersion = 10.0.40219.1
Project("{FAE04EC0-301F-11D3-BF4B-00C04F79EFBC}") = "MenuOfChampions", "MenuOfChampions.csproj", "{2874D155-558C-4B52-9AB2-D9A4EA5B1DCE}"
EndProject
Global
	GlobalSection(SolutionConfigurationPlatforms) = preSolution
		Debug|Any CPU = Debug|Any CPU
		Release|Any CPU = Release|Any CPU
	EndGlobalSection
	GlobalSection(ProjectConfigurationPlatforms) = postSolution
		{2874D155-558C-4B52-9AB2-D9A4EA5B1DCE}.Debug|Any CPU.ActiveCfg = Debug|Any CPU
		{2874D155-558C-4B52-9AB2-D9A4EA5B1DCE}.Debug|Any CPU.Build.0 = Debug|Any CPU
		{2874D155-558C-4B52-9AB2-D9A4EA5B1DCE}.Release|Any CPU.ActiveCfg = Release|Any CPU
		{2874D155-558C-4B52-9AB2-D9A4EA5B1DCE}.Release|Any CPU.Build.0 = Release|Any CPU
	EndGlobalSection
	GlobalSection(SolutionProperties) = preSolution
		HideSolutionNode = FALSE
	EndGlobalSection
	GlobalSection(ExtensibilityGlobals) = postSolution
		SolutionGuid = {8FFF470B-DD9E-41FB-B8CB-8D822A593843}
	EndGlobalSection
EndGlobal
