
Microsoft Visual Studio Solution File, Format Version 12.00
# Visual Studio Version 16
VisualStudioVersion = 16.0.29102.190
MinimumVisualStudioVersion = 10.0.40219.1
Project("{FAE04EC0-301F-11D3-BF4B-00C04F79EFBC}") = "GoblinBattle.UI", "GoblinBattle.UI\GoblinBattle.UI.csproj", "{1CEFCF15-282B-45A9-A25D-A7F7F21167DB}"
EndProject
Global
	GlobalSection(SolutionConfigurationPlatforms) = preSolution
		Debug|Any CPU = Debug|Any CPU
		Release|Any CPU = Release|Any CPU
	EndGlobalSection
	GlobalSection(ProjectConfigurationPlatforms) = postSolution
		{1CEFCF15-282B-45A9-A25D-A7F7F21167DB}.Debug|Any CPU.ActiveCfg = Debug|Any CPU
		{1CEFCF15-282B-45A9-A25D-A7F7F21167DB}.Debug|Any CPU.Build.0 = Debug|Any CPU
		{1CEFCF15-282B-45A9-A25D-A7F7F21167DB}.Release|Any CPU.ActiveCfg = Release|Any CPU
		{1CEFCF15-282B-45A9-A25D-A7F7F21167DB}.Release|Any CPU.Build.0 = Release|Any CPU
	EndGlobalSection
	GlobalSection(SolutionProperties) = preSolution
		HideSolutionNode = FALSE
	EndGlobalSection
	GlobalSection(ExtensibilityGlobals) = postSolution
		SolutionGuid = {3F30A16D-9949-477A-938B-3CF937AB77A7}
	EndGlobalSection
EndGlobal
